# This file was autogenerated by Stack.
# You should not edit this file by hand.
# For more information, please see the documentation at:
#   https://docs.haskellstack.org/en/stable/lock_files

packages:
- completed:
    hackage: unordered-containers-0.2.19.1@sha256:db11042bb0356c0adea277d0794743829125b4c99455af6af2bd5f7bd5e88a39,3797
    pantry-tree:
      sha256: ac7a077274515b8afdf98138177b2fd2293c8bb346c5ec5caf2c5999da495112
      size: 1517
  original:
    hackage: unordered-containers-0.2.19.1@sha256:db11042bb0356c0adea277d0794743829125b4c99455af6af2bd5f7bd5e88a39,3797
snapshots:
- completed:
    sha256: 7f4393ad659c579944d12202cffb12d8e4b8114566b015f77bbc303a24cff934
    size: 619405
    url: https://raw.githubusercontent.com/commercialhaskell/stackage-snapshots/master/lts/19/28.yaml
  original: lts-19.28
